
Microsoft Visual Studio Solution File, Format Version 12.00
# Visual Studio Version 17
VisualStudioVersion = 17.0.31903.59
MinimumVisualStudioVersion = 10.0.40219.1
Project("{2150E333-8FDC-42A3-9474-1A3956D46DE8}") = "src", "src", "{7CF9EFFF-DC24-4810-8936-85B7392D73D2}"
EndProject
Project("{2150E333-8FDC-42A3-9474-1A3956D46DE8}") = "SharedKernel", "SharedKernel", "{2004280F-37AA-46C1-96B3-43E5BDA72124}"
EndProject
Project("{FAE04EC0-301F-11D3-BF4B-00C04F79EFBC}") = "AkbarAmd.SharedKernel.Domain", "Src\SharedKernel\AkbarAmd.SharedKernel.Domain\AkbarAmd.SharedKernel.Domain.csproj", "{9ED3105D-C30B-41BB-843E-1D85C2B27DF2}"
EndProject
Project("{FAE04EC0-301F-11D3-BF4B-00C04F79EFBC}") = "AkbarAmd.SharedKernel.Application", "src\SharedKernel\AkbarAmd.SharedKernel.Application\AkbarAmd.SharedKernel.Application.csproj", "{FC16CC00-C871-4130-85F8-3AC912704FCF}"
EndProject
Project("{FAE04EC0-301F-11D3-BF4B-00C04F79EFBC}") = "AkbarAmd.SharedKernel.Infrastructure.EntityFrameworkCore", "src\SharedKernel\AkbarAmd.SharedKernel.Infrastructure.EntityFrameworkCore\AkbarAmd.SharedKernel.Infrastructure.EntityFrameworkCore.csproj", "{EA9F548B-9FB9-4860-9878-D886F9008E19}"
EndProject
Project("{2150E333-8FDC-42A3-9474-1A3956D46DE8}") = "tests", "tests", "{EF92E92A-C2EB-4F2B-8D59-2E58D0BA72E4}"
EndProject
Project("{2150E333-8FDC-42A3-9474-1A3956D46DE8}") = "Sharedkernel", "Sharedkernel", "{EADCB2FF-71BD-4AC1-B884-FE76452CF167}"
EndProject
Project("{FAE04EC0-301F-11D3-BF4B-00C04F79EFBC}") = "MCA.SharedKernel.Domain.Test", "tests\SharedKernel\MCA.SharedKernel.Domain.Test\MCA.SharedKernel.Domain.Test.csproj", "{C22189CB-D84F-4C1F-9739-95FB8536BAD6}"
EndProject
Project("{FAE04EC0-301F-11D3-BF4B-00C04F79EFBC}") = "MCA.SharedKernel.Infrastructure.Test", "tests\SharedKernel\MCA.SharedKernel.Infrastructure.Test\MCA.SharedKernel.Infrastructure.Test.csproj", "{8CDE5330-0F0C-406C-A624-85E73690A7D4}"
EndProject
Global
	GlobalSection(SolutionConfigurationPlatforms) = preSolution
		Debug|Any CPU = Debug|Any CPU
		Release|Any CPU = Release|Any CPU
	EndGlobalSection
	GlobalSection(SolutionProperties) = preSolution
		HideSolutionNode = FALSE
	EndGlobalSection
	GlobalSection(ProjectConfigurationPlatforms) = postSolution
		{9ED3105D-C30B-41BB-843E-1D85C2B27DF2}.Debug|Any CPU.ActiveCfg = Debug|Any CPU
		{9ED3105D-C30B-41BB-843E-1D85C2B27DF2}.Debug|Any CPU.Build.0 = Debug|Any CPU
		{9ED3105D-C30B-41BB-843E-1D85C2B27DF2}.Release|Any CPU.ActiveCfg = Release|Any CPU
		{9ED3105D-C30B-41BB-843E-1D85C2B27DF2}.Release|Any CPU.Build.0 = Release|Any CPU
		{FC16CC00-C871-4130-85F8-3AC912704FCF}.Debug|Any CPU.ActiveCfg = Debug|Any CPU
		{FC16CC00-C871-4130-85F8-3AC912704FCF}.Debug|Any CPU.Build.0 = Debug|Any CPU
		{FC16CC00-C871-4130-85F8-3AC912704FCF}.Release|Any CPU.ActiveCfg = Release|Any CPU
		{FC16CC00-C871-4130-85F8-3AC912704FCF}.Release|Any CPU.Build.0 = Release|Any CPU
		{EA9F548B-9FB9-4860-9878-D886F9008E19}.Debug|Any CPU.ActiveCfg = Debug|Any CPU
		{EA9F548B-9FB9-4860-9878-D886F9008E19}.Debug|Any CPU.Build.0 = Debug|Any CPU
		{EA9F548B-9FB9-4860-9878-D886F9008E19}.Release|Any CPU.ActiveCfg = Release|Any CPU
		{EA9F548B-9FB9-4860-9878-D886F9008E19}.Release|Any CPU.Build.0 = Release|Any CPU
		{C22189CB-D84F-4C1F-9739-95FB8536BAD6}.Debug|Any CPU.ActiveCfg = Debug|Any CPU
		{C22189CB-D84F-4C1F-9739-95FB8536BAD6}.Debug|Any CPU.Build.0 = Debug|Any CPU
		{C22189CB-D84F-4C1F-9739-95FB8536BAD6}.Release|Any CPU.ActiveCfg = Release|Any CPU
		{C22189CB-D84F-4C1F-9739-95FB8536BAD6}.Release|Any CPU.Build.0 = Release|Any CPU
		{8CDE5330-0F0C-406C-A624-85E73690A7D4}.Debug|Any CPU.ActiveCfg = Debug|Any CPU
		{8CDE5330-0F0C-406C-A624-85E73690A7D4}.Debug|Any CPU.Build.0 = Debug|Any CPU
		{8CDE5330-0F0C-406C-A624-85E73690A7D4}.Release|Any CPU.ActiveCfg = Release|Any CPU
		{8CDE5330-0F0C-406C-A624-85E73690A7D4}.Release|Any CPU.Build.0 = Release|Any CPU
	EndGlobalSection
	GlobalSection(NestedProjects) = preSolution
		{2004280F-37AA-46C1-96B3-43E5BDA72124} = {7CF9EFFF-DC24-4810-8936-85B7392D73D2}
		{9ED3105D-C30B-41BB-843E-1D85C2B27DF2} = {2004280F-37AA-46C1-96B3-43E5BDA72124}
		{FC16CC00-C871-4130-85F8-3AC912704FCF} = {2004280F-37AA-46C1-96B3-43E5BDA72124}
		{EA9F548B-9FB9-4860-9878-D886F9008E19} = {2004280F-37AA-46C1-96B3-43E5BDA72124}
		{EADCB2FF-71BD-4AC1-B884-FE76452CF167} = {EF92E92A-C2EB-4F2B-8D59-2E58D0BA72E4}
		{C22189CB-D84F-4C1F-9739-95FB8536BAD6} = {EADCB2FF-71BD-4AC1-B884-FE76452CF167}
		{8CDE5330-0F0C-406C-A624-85E73690A7D4} = {EADCB2FF-71BD-4AC1-B884-FE76452CF167}
	EndGlobalSection
EndGlobal
